{
  "name": "workend",
  "version": "1.0.0",
  "lockfileVersion": 3,
  "requires": true,
  "packages": {
    "": {
      "name": "workend",
      "version": "1.0.0",
      "dependencies": {
        "libphonenumber-js": "^1.13.14"
      },
      "engines": {
        "node": ">=22.13"
      }
    },
    "node_modules/libphonenumber-js": {
      "version": "1.13.14",
      "resolved": "https://registry.npmjs.org/libphonenumber-js/-/libphonenumber-js-1.13.14.tgz",
      "integrity": "sha512-llihgCcx0BFLksecLP+x1J+6JDE1GsXS1RN/LoPF6qcwpeQcnjj0lcvZxY8AzbEpYwyZWPZW/nDuqkqzm3amiw==",
      "license": "MIT"
    }
  }
}
